// !$*UTF8*$!
{
	archiveVersion = 1;
	classes = {
	};
	objectVersion = 51;
	objects = {

/* Begin PBXBuildFile section */
		D58989400DEF41D52D8FEE67 /* Pods_NetflixClone.framework in Frameworks */ = {isa = PBXBuildFile; fileRef = 40BAD3A104AA3D904C0B4711 /* Pods_NetflixClone.framework */; };
		DE37924622F2DDEC00A75581 /* AppDelegate.swift in Sources */ = {isa = PBXBuildFile; fileRef = DE37924522F2DDEC00A75581 /* AppDelegate.swift */; };
		DE37924822F2DDEC00A75581 /* HomeViewController.swift in Sources */ = {isa = PBXBuildFile; fileRef = DE37924722F2DDEC00A75581 /* HomeViewController.swift */; };
		DE37924D22F2DDED00A75581 /* Assets.xcassets in Resources */ = {isa = PBXBuildFile; fileRef = DE37924C22F2DDED00A75581 /* Assets.xcassets */; };
		DE37925022F2DDED00A75581 /* LaunchScreen.storyboard in Resources */ = {isa = PBXBuildFile; fileRef = DE37924E22F2DDED00A75581 /* LaunchScreen.storyboard */; };
		DE37925822F2DEB700A75581 /* HomeView.swift in Sources */ = {isa = PBXBuildFile; fileRef = DE37925722F2DEB700A75581 /* HomeView.swift */; };
		DE37925C22F2E3B400A75581 /* HeaderReusableView.swift in Sources */ = {isa = PBXBuildFile; fileRef = DE37925B22F2E3B400A75581 /* HeaderReusableView.swift */; };
		DE37925F22F2E83700A75581 /* Movie.swift in Sources */ = {isa = PBXBuildFile; fileRef = DE37925E22F2E83700A75581 /* Movie.swift */; };
		DE37926222F2F86100A75581 /* GradientView.swift in Sources */ = {isa = PBXBuildFile; fileRef = DE37926122F2F86100A75581 /* GradientView.swift */; };
		DE37926422F3185400A75581 /* NetworkingManager.swift in Sources */ = {isa = PBXBuildFile; fileRef = DE37926322F3185400A75581 /* NetworkingManager.swift */; };
		DE37926622F31F3700A75581 /* HomeCell.swift in Sources */ = {isa = PBXBuildFile; fileRef = DE37926522F31F3700A75581 /* HomeCell.swift */; };
		DE37926822F3225E00A75581 /* MovieCell.swift in Sources */ = {isa = PBXBuildFile; fileRef = DE37926722F3225E00A75581 /* MovieCell.swift */; };
		DE37926A22F32B6400A75581 /* Section.swift in Sources */ = {isa = PBXBuildFile; fileRef = DE37926922F32B6400A75581 /* Section.swift */; };
		DE37926C22F4210700A75581 /* MovieViewModel.swift in Sources */ = {isa = PBXBuildFile; fileRef = DE37926B22F4210700A75581 /* MovieViewModel.swift */; };
		DE37926E22F4296D00A75581 /* PreviewMovieCell.swift in Sources */ = {isa = PBXBuildFile; fileRef = DE37926D22F4296D00A75581 /* PreviewMovieCell.swift */; };
		DE37927122F46EDC00A75581 /* PlayButton.swift in Sources */ = {isa = PBXBuildFile; fileRef = DE37927022F46EDC00A75581 /* PlayButton.swift */; };
		DE37927322F494EE00A75581 /* TopBarView.swift in Sources */ = {isa = PBXBuildFile; fileRef = DE37927222F494EE00A75581 /* TopBarView.swift */; };
		DE37927622F842DB00A75581 /* DetailViewController.swift in Sources */ = {isa = PBXBuildFile; fileRef = DE37927522F842DB00A75581 /* DetailViewController.swift */; };
		DE37927822F845F200A75581 /* DetailHeaderReusableView.swift in Sources */ = {isa = PBXBuildFile; fileRef = DE37927722F845F200A75581 /* DetailHeaderReusableView.swift */; };
		DE37929822F9ABC200A75581 /* DetailView.swift in Sources */ = {isa = PBXBuildFile; fileRef = DE37929722F9ABC200A75581 /* DetailView.swift */; };
		DE37929A22F9B1E800A75581 /* SimilarMoviesCell.swift in Sources */ = {isa = PBXBuildFile; fileRef = DE37929922F9B1E800A75581 /* SimilarMoviesCell.swift */; };
/* End PBXBuildFile section */

/* Begin PBXFileReference section */
		40BAD3A104AA3D904C0B4711 /* Pods_NetflixClone.framework */ = {isa = PBXFileReference; explicitFileType = wrapper.framework; includeInIndex = 0; path = Pods_NetflixClone.framework; sourceTree = BUILT_PRODUCTS_DIR; };
		8859AA1E64DFFB366F8C8804 /* Pods-NetflixClone.debug.xcconfig */ = {isa = PBXFileReference; includeInIndex = 1; lastKnownFileType = text.xcconfig; name = "Pods-NetflixClone.debug.xcconfig"; path = "Target Support Files/Pods-NetflixClone/Pods-NetflixClone.debug.xcconfig"; sourceTree = "<group>"; };
		D3500CD1D9152633986498AC /* Pods-NetflixClone.release.xcconfig */ = {isa = PBXFileReference; includeInIndex = 1; lastKnownFileType = text.xcconfig; name = "Pods-NetflixClone.release.xcconfig"; path = "Target Support Files/Pods-NetflixClone/Pods-NetflixClone.release.xcconfig"; sourceTree = "<group>"; };
		DE37924222F2DDEC00A75581 /* NetflixClone.app */ = {isa = PBXFileReference; explicitFileType = wrapper.application; includeInIndex = 0; path = NetflixClone.app; sourceTree = BUILT_PRODUCTS_DIR; };
		DE37924522F2DDEC00A75581 /* AppDelegate.swift */ = {isa = PBXFileReference; lastKnownFileType = sourcecode.swift; path = AppDelegate.swift; sourceTree = "<group>"; };
		DE37924722F2DDEC00A75581 /* HomeViewController.swift */ = {isa = PBXFileReference; lastKnownFileType = sourcecode.swift; path = HomeViewController.swift; sourceTree = "<group>"; };
		DE37924C22F2DDED00A75581 /* Assets.xcassets */ = {isa = PBXFileReference; lastKnownFileType = folder.assetcatalog; path = Assets.xcassets; sourceTree = "<group>"; };
		DE37924F22F2DDED00A75581 /* Base */ = {isa = PBXFileReference; lastKnownFileType = file.storyboard; name = Base; path = Base.lproj/LaunchScreen.storyboard; sourceTree = "<group>"; };
		DE37925122F2DDED00A75581 /* Info.plist */ = {isa = PBXFileReference; lastKnownFileType = text.plist.xml; path = Info.plist; sourceTree = "<group>"; };
		DE37925722F2DEB700A75581 /* HomeView.swift */ = {isa = PBXFileReference; lastKnownFileType = sourcecode.swift; path = HomeView.swift; sourceTree = "<group>"; };
		DE37925B22F2E3B400A75581 /* HeaderReusableView.swift */ = {isa = PBXFileReference; lastKnownFileType = sourcecode.swift; path = HeaderReusableView.swift; sourceTree = "<group>"; };
		DE37925E22F2E83700A75581 /* Movie.swift */ = {isa = PBXFileReference; lastKnownFileType = sourcecode.swift; path = Movie.swift; sourceTree = "<group>"; };
		DE37926122F2F86100A75581 /* GradientView.swift */ = {isa = PBXFileReference; lastKnownFileType = sourcecode.swift; path = GradientView.swift; sourceTree = "<group>"; };
		DE37926322F3185400A75581 /* NetworkingManager.swift */ = {isa = PBXFileReference; lastKnownFileType = sourcecode.swift; path = NetworkingManager.swift; sourceTree = "<group>"; };
		DE37926522F31F3700A75581 /* HomeCell.swift */ = {isa = PBXFileReference; lastKnownFileType = sourcecode.swift; path = HomeCell.swift; sourceTree = "<group>"; };
		DE37926722F3225E00A75581 /* MovieCell.swift */ = {isa = PBXFileReference; lastKnownFileType = sourcecode.swift; path = MovieCell.swift; sourceTree = "<group>"; };
		DE37926922F32B6400A75581 /* Section.swift */ = {isa = PBXFileReference; lastKnownFileType = sourcecode.swift; path = Section.swift; sourceTree = "<group>"; };
		DE37926B22F4210700A75581 /* MovieViewModel.swift */ = {isa = PBXFileReference; lastKnownFileType = sourcecode.swift; path = MovieViewModel.swift; sourceTree = "<group>"; };
		DE37926D22F4296D00A75581 /* PreviewMovieCell.swift */ = {isa = PBXFileReference; lastKnownFileType = sourcecode.swift; path = PreviewMovieCell.swift; sourceTree = "<group>"; };
		DE37927022F46EDC00A75581 /* PlayButton.swift */ = {isa = PBXFileReference; lastKnownFileType = sourcecode.swift; path = PlayButton.swift; sourceTree = "<group>"; };
		DE37927222F494EE00A75581 /* TopBarView.swift */ = {isa = PBXFileReference; lastKnownFileType = sourcecode.swift; path = TopBarView.swift; sourceTree = "<group>"; };
		DE37927522F842DB00A75581 /* DetailViewController.swift */ = {isa = PBXFileReference; lastKnownFileType = sourcecode.swift; path = DetailViewController.swift; sourceTree = "<group>"; };
		DE37927722F845F200A75581 /* DetailHeaderReusableView.swift */ = {isa = PBXFileReference; lastKnownFileType = sourcecode.swift; path = DetailHeaderReusableView.swift; sourceTree = "<group>"; };
		DE37929722F9ABC200A75581 /* DetailView.swift */ = {isa = PBXFileReference; lastKnownFileType = sourcecode.swift; path = DetailView.swift; sourceTree = "<group>"; };
		DE37929922F9B1E800A75581 /* SimilarMoviesCell.swift */ = {isa = PBXFileReference; lastKnownFileType = sourcecode.swift; path = SimilarMoviesCell.swift; sourceTree = "<group>"; };
/* End PBXFileReference section */

/* Begin PBXFrameworksBuildPhase section */
		DE37923F22F2DDEC00A75581 /* Frameworks */ = {
			isa = PBXFrameworksBuildPhase;
			buildActionMask = 2147483647;
			files = (
				D58989400DEF41D52D8FEE67 /* Pods_NetflixClone.framework in Frameworks */,
			);
			runOnlyForDeploymentPostprocessing = 0;
		};
/* End PBXFrameworksBuildPhase section */

/* Begin PBXGroup section */
		648E9564117598762F10DD31 /* Frameworks */ = {
			isa = PBXGroup;
			children = (
				40BAD3A104AA3D904C0B4711 /* Pods_NetflixClone.framework */,
			);
			name = Frameworks;
			sourceTree = "<group>";
		};
		DE37923922F2DDEC00A75581 = {
			isa = PBXGroup;
			children = (
				DE37924422F2DDEC00A75581 /* NetflixClone */,
				DE37924322F2DDEC00A75581 /* Products */,
				EDF72434BDD5091AB014D171 /* Pods */,
				648E9564117598762F10DD31 /* Frameworks */,
			);
			sourceTree = "<group>";
		};
		DE37924322F2DDEC00A75581 /* Products */ = {
			isa = PBXGroup;
			children = (
				DE37924222F2DDEC00A75581 /* NetflixClone.app */,
			);
			name = Products;
			sourceTree = "<group>";
		};
		DE37924422F2DDEC00A75581 /* NetflixClone */ = {
			isa = PBXGroup;
			children = (
				DE37926F22F46EBB00A75581 /* Views */,
				DE37926022F2F84800A75581 /* Utilities */,
				DE37925D22F2E78900A75581 /* Models */,
				DE37925A22F2E08900A75581 /* App */,
				DE37925922F2E08100A75581 /* Home Screen */,
				DE37927422F842B400A75581 /* Detail Screen */,
				DE37924C22F2DDED00A75581 /* Assets.xcassets */,
				DE37924E22F2DDED00A75581 /* LaunchScreen.storyboard */,
				DE37925122F2DDED00A75581 /* Info.plist */,
			);
			path = NetflixClone;
			sourceTree = "<group>";
		};
		DE37925922F2E08100A75581 /* Home Screen */ = {
			isa = PBXGroup;
			children = (
				DE37924722F2DDEC00A75581 /* HomeViewController.swift */,
				DE37925722F2DEB700A75581 /* HomeView.swift */,
				DE37925B22F2E3B400A75581 /* HeaderReusableView.swift */,
				DE37926522F31F3700A75581 /* HomeCell.swift */,
				DE37926722F3225E00A75581 /* MovieCell.swift */,
				DE37926D22F4296D00A75581 /* PreviewMovieCell.swift */,
			);
			path = "Home Screen";
			sourceTree = "<group>";
		};
		DE37925A22F2E08900A75581 /* App */ = {
			isa = PBXGroup;
			children = (
				DE37924522F2DDEC00A75581 /* AppDelegate.swift */,
			);
			path = App;
			sourceTree = "<group>";
		};
		DE37925D22F2E78900A75581 /* Models */ = {
			isa = PBXGroup;
			children = (
				DE37925E22F2E83700A75581 /* Movie.swift */,
				DE37926922F32B6400A75581 /* Section.swift */,
				DE37926B22F4210700A75581 /* MovieViewModel.swift */,
			);
			path = Models;
			sourceTree = "<group>";
		};
		DE37926022F2F84800A75581 /* Utilities */ = {
			isa = PBXGroup;
			children = (
				DE37926122F2F86100A75581 /* GradientView.swift */,
				DE37926322F3185400A75581 /* NetworkingManager.swift */,
			);
			path = Utilities;
			sourceTree = "<group>";
		};
		DE37926F22F46EBB00A75581 /* Views */ = {
			isa = PBXGroup;
			children = (
				DE37927022F46EDC00A75581 /* PlayButton.swift */,
				DE37927222F494EE00A75581 /* TopBarView.swift */,
			);
			path = Views;
			sourceTree = "<group>";
		};
		DE37927422F842B400A75581 /* Detail Screen */ = {
			isa = PBXGroup;
			children = (
				DE37927522F842DB00A75581 /* DetailViewController.swift */,
				DE37927722F845F200A75581 /* DetailHeaderReusableView.swift */,
				DE37929722F9ABC200A75581 /* DetailView.swift */,
				DE37929922F9B1E800A75581 /* SimilarMoviesCell.swift */,
			);
			path = "Detail Screen";
			sourceTree = "<group>";
		};
		EDF72434BDD5091AB014D171 /* Pods */ = {
			isa = PBXGroup;
			children = (
				8859AA1E64DFFB366F8C8804 /* Pods-NetflixClone.debug.xcconfig */,
				D3500CD1D9152633986498AC /* Pods-NetflixClone.release.xcconfig */,
			);
			path = Pods;
			sourceTree = "<group>";
		};
/* End PBXGroup section */

/* Begin PBXNativeTarget section */
		DE37924122F2DDEC00A75581 /* NetflixClone */ = {
			isa = PBXNativeTarget;
			buildConfigurationList = DE37925422F2DDED00A75581 /* Build configuration list for PBXNativeTarget "NetflixClone" */;
			buildPhases = (
				06903FEC127D76F2555EC482 /* [CP] Check Pods Manifest.lock */,
				DE37923E22F2DDEC00A75581 /* Sources */,
				DE37923F22F2DDEC00A75581 /* Frameworks */,
				DE37924022F2DDEC00A75581 /* Resources */,
				12E42C4CBB737B37B87BAF41 /* [CP] Embed Pods Frameworks */,
			);
			buildRules = (
			);
			dependencies = (
			);
			name = NetflixClone;
			productName = NetflixClone;
			productReference = DE37924222F2DDEC00A75581 /* NetflixClone.app */;
			productType = "com.apple.product-type.application";
		};
/* End PBXNativeTarget section */

/* Begin PBXProject section */
		DE37923A22F2DDEC00A75581 /* Project object */ = {
			isa = PBXProject;
			attributes = {
				LastSwiftUpdateCheck = 1030;
				LastUpgradeCheck = 1030;
				ORGANIZATIONNAME = "Michele Mola";
				TargetAttributes = {
					DE37924122F2DDEC00A75581 = {
						CreatedOnToolsVersion = 10.3;
					};
				};
			};
			buildConfigurationList = DE37923D22F2DDEC00A75581 /* Build configuration list for PBXProject "NetflixClone" */;
			compatibilityVersion = "Xcode 9.3";
			developmentRegion = en;
			hasScannedForEncodings = 0;
			knownRegions = (
				en,
				Base,
			);
			mainGroup = DE37923922F2DDEC00A75581;
			productRefGroup = DE37924322F2DDEC00A75581 /* Products */;
			projectDirPath = "";
			projectRoot = "";
			targets = (
				DE37924122F2DDEC00A75581 /* NetflixClone */,
			);
		};
/* End PBXProject section */

/* Begin PBXResourcesBuildPhase section */
		DE37924022F2DDEC00A75581 /* Resources */ = {
			isa = PBXResourcesBuildPhase;
			buildActionMask = 2147483647;
			files = (
				DE37925022F2DDED00A75581 /* LaunchScreen.storyboard in Resources */,
				DE37924D22F2DDED00A75581 /* Assets.xcassets in Resources */,
			);
			runOnlyForDeploymentPostprocessing = 0;
		};
/* End PBXResourcesBuildPhase section */

/* Begin PBXShellScriptBuildPhase section */
		06903FEC127D76F2555EC482 /* [CP] Check Pods Manifest.lock */ = {
			isa = PBXShellScriptBuildPhase;
			buildActionMask = 2147483647;
			files = (
			);
			inputFileListPaths = (
			);
			inputPaths = (
				"${PODS_PODFILE_DIR_PATH}/Podfile.lock",
				"${PODS_ROOT}/Manifest.lock",
			);
			name = "[CP] Check Pods Manifest.lock";
			outputFileListPaths = (
			);
			outputPaths = (
				"$(DERIVED_FILE_DIR)/Pods-NetflixClone-checkManifestLockResult.txt",
			);
			runOnlyForDeploymentPostprocessing = 0;
			shellPath = /bin/sh;
			shellScript = "diff \"${PODS_PODFILE_DIR_PATH}/Podfile.lock\" \"${PODS_ROOT}/Manifest.lock\" > /dev/null\nif [ $? != 0 ] ; then\n    # print error to STDERR\n    echo \"error: The sandbox is not in sync with the Podfile.lock. Run 'pod install' or update your CocoaPods installation.\" >&2\n    exit 1\nfi\n# This output is used by Xcode 'outputs' to avoid re-running this script phase.\necho \"SUCCESS\" > \"${SCRIPT_OUTPUT_FILE_0}\"\n";
			showEnvVarsInLog = 0;
		};
		12E42C4CBB737B37B87BAF41 /* [CP] Embed Pods Frameworks */ = {
			isa = PBXShellScriptBuildPhase;
			buildActionMask = 2147483647;
			files = (
			);
			inputFileListPaths = (
				"${PODS_ROOT}/Target Support Files/Pods-NetflixClone/Pods-NetflixClone-frameworks-${CONFIGURATION}-input-files.xcfilelist",
			);
			name = "[CP] Embed Pods Frameworks";
			outputFileListPaths = (
				"${PODS_ROOT}/Target Support Files/Pods-NetflixClone/Pods-NetflixClone-frameworks-${CONFIGURATION}-output-files.xcfilelist",
			);
			runOnlyForDeploymentPostprocessing = 0;
			shellPath = /bin/sh;
			shellScript = "\"${PODS_ROOT}/Target Support Files/Pods-NetflixClone/Pods-NetflixClone-frameworks.sh\"\n";
			showEnvVarsInLog = 0;
		};
/* End PBXShellScriptBuildPhase section */

/* Begin PBXSourcesBuildPhase section */
		DE37923E22F2DDEC00A75581 /* Sources */ = {
			isa = PBXSourcesBuildPhase;
			buildActionMask = 2147483647;
			files = (
				DE37925822F2DEB700A75581 /* HomeView.swift in Sources */,
				DE37924822F2DDEC00A75581 /* HomeViewController.swift in Sources */,
				DE37929A22F9B1E800A75581 /* SimilarMoviesCell.swift in Sources */,
				DE37929822F9ABC200A75581 /* DetailView.swift in Sources */,
				DE37926822F3225E00A75581 /* MovieCell.swift in Sources */,
				DE37926E22F4296D00A75581 /* PreviewMovieCell.swift in Sources */,
				DE37927322F494EE00A75581 /* TopBarView.swift in Sources */,
				DE37926622F31F3700A75581 /* HomeCell.swift in Sources */,
				DE37926222F2F86100A75581 /* GradientView.swift in Sources */,
				DE37927122F46EDC00A75581 /* PlayButton.swift in Sources */,
				DE37926A22F32B6400A75581 /* Section.swift in Sources */,
				DE37927822F845F200A75581 /* DetailHeaderReusableView.swift in Sources */,
				DE37925C22F2E3B400A75581 /* HeaderReusableView.swift in Sources */,
				DE37924622F2DDEC00A75581 /* AppDelegate.swift in Sources */,
				DE37926C22F4210700A75581 /* MovieViewModel.swift in Sources */,
				DE37927622F842DB00A75581 /* DetailViewController.swift in Sources */,
				DE37925F22F2E83700A75581 /* Movie.swift in Sources */,
				DE37926422F3185400A75581 /* NetworkingManager.swift in Sources */,
			);
			runOnlyForDeploymentPostprocessing = 0;
		};
/* End PBXSourcesBuildPhase section */

/* Begin PBXVariantGroup section */
		DE37924E22F2DDED00A75581 /* LaunchScreen.storyboard */ = {
			isa = PBXVariantGroup;
			children = (
				DE37924F22F2DDED00A75581 /* Base */,
			);
			name = LaunchScreen.storyboard;
			sourceTree = "<group>";
		};
/* End PBXVariantGroup section */

/* Begin XCBuildConfiguration section */
		DE37925222F2DDED00A75581 /* Debug */ = {
			isa = XCBuildConfiguration;
			buildSettings = {
				ALWAYS_SEARCH_USER_PATHS = NO;
				CLANG_ANALYZER_NONNULL = YES;
				CLANG_ANALYZER_NUMBER_OBJECT_CONVERSION = YES_AGGRESSIVE;
				CLANG_CXX_LANGUAGE_STANDARD = "gnu++14";
				CLANG_CXX_LIBRARY = "libc++";
				CLANG_ENABLE_MODULES = YES;
				CLANG_ENABLE_OBJC_ARC = YES;
				CLANG_ENABLE_OBJC_WEAK = YES;
				CLANG_WARN_BLOCK_CAPTURE_AUTORELEASING = YES;
				CLANG_WARN_BOOL_CONVERSION = YES;
				CLANG_WARN_COMMA = YES;
				CLANG_WARN_CONSTANT_CONVERSION = YES;
				CLANG_WARN_DEPRECATED_OBJC_IMPLEMENTATIONS = YES;
				CLANG_WARN_DIRECT_OBJC_ISA_USAGE = YES_ERROR;
				CLANG_WARN_DOCUMENTATION_COMMENTS = YES;
				CLANG_WARN_EMPTY_BODY = YES;
				CLANG_WARN_ENUM_CONVERSION = YES;
				CLANG_WARN_INFINITE_RECURSION = YES;
				CLANG_WARN_INT_CONVERSION = YES;
				CLANG_WARN_NON_LITERAL_NULL_CONVERSION = YES;
				CLANG_WARN_OBJC_IMPLICIT_RETAIN_SELF = YES;
				CLANG_WARN_OBJC_LITERAL_CONVERSION = YES;
				CLANG_WARN_OBJC_ROOT_CLASS = YES_ERROR;
				CLANG_WARN_RANGE_LOOP_ANALYSIS = YES;
				CLANG_WARN_STRICT_PROTOTYPES = YES;
				CLANG_WARN_SUSPICIOUS_MOVE = YES;
				CLANG_WARN_UNGUARDED_AVAILABILITY = YES_AGGRESSIVE;
				CLANG_WARN_UNREACHABLE_CODE = YES;
				CLANG_WARN__DUPLICATE_METHOD_MATCH = YES;
				CODE_SIGN_IDENTITY = "iPhone Developer";
				COPY_PHASE_STRIP = NO;
				DEBUG_INFORMATION_FORMAT = dwarf;
				ENABLE_STRICT_OBJC_MSGSEND = YES;
				ENABLE_TESTABILITY = YES;
				GCC_C_LANGUAGE_STANDARD = gnu11;
				GCC_DYNAMIC_NO_PIC = NO;
				GCC_NO_COMMON_BLOCKS = YES;
				GCC_OPTIMIZATION_LEVEL = 0;
				GCC_PREPROCESSOR_DEFINITIONS = (
					"DEBUG=1",
					"$(inherited)",
				);
				GCC_WARN_64_TO_32_BIT_CONVERSION = YES;
				GCC_WARN_ABOUT_RETURN_TYPE = YES_ERROR;
				GCC_WARN_UNDECLARED_SELECTOR = YES;
				GCC_WARN_UNINITIALIZED_AUTOS = YES_AGGRESSIVE;
				GCC_WARN_UNUSED_FUNCTION = YES;
				GCC_WARN_UNUSED_VARIABLE = YES;
				IPHONEOS_DEPLOYMENT_TARGET = 12.4;
				MTL_ENABLE_DEBUG_INFO = INCLUDE_SOURCE;
				MTL_FAST_MATH = YES;
				ONLY_ACTIVE_ARCH = YES;
				SDKROOT = iphoneos;
				SWIFT_ACTIVE_COMPILATION_CONDITIONS = DEBUG;
				SWIFT_OPTIMIZATION_LEVEL = "-Onone";
			};
			name = Debug;
		};
		DE37925322F2DDED00A75581 /* Release */ = {
			isa = XCBuildConfiguration;
			buildSettings = {
				ALWAYS_SEARCH_USER_PATHS = NO;
				CLANG_ANALYZER_NONNULL = YES;
				CLANG_ANALYZER_NUMBER_OBJECT_CONVERSION = YES_AGGRESSIVE;
				CLANG_CXX_LANGUAGE_STANDARD = "gnu++14";
				CLANG_CXX_LIBRARY = "libc++";
				CLANG_ENABLE_MODULES = YES;
				CLANG_ENABLE_OBJC_ARC = YES;
				CLANG_ENABLE_OBJC_WEAK = YES;
				CLANG_WARN_BLOCK_CAPTURE_AUTORELEASING = YES;
				CLANG_WARN_BOOL_CONVERSION = YES;
				CLANG_WARN_COMMA = YES;
				CLANG_WARN_CONSTANT_CONVERSION = YES;
				CLANG_WARN_DEPRECATED_OBJC_IMPLEMENTATIONS = YES;
				CLANG_WARN_DIRECT_OBJC_ISA_USAGE = YES_ERROR;
				CLANG_WARN_DOCUMENTATION_COMMENTS = YES;
				CLANG_WARN_EMPTY_BODY = YES;
				CLANG_WARN_ENUM_CONVERSION = YES;
				CLANG_WARN_INFINITE_RECURSION = YES;
				CLANG_WARN_INT_CONVERSION = YES;
				CLANG_WARN_NON_LITERAL_NULL_CONVERSION = YES;
				CLANG_WARN_OBJC_IMPLICIT_RETAIN_SELF = YES;
				CLANG_WARN_OBJC_LITERAL_CONVERSION = YES;
				CLANG_WARN_OBJC_ROOT_CLASS = YES_ERROR;
				CLANG_WARN_RANGE_LOOP_ANALYSIS = YES;
				CLANG_WARN_STRICT_PROTOTYPES = YES;
				CLANG_WARN_SUSPICIOUS_MOVE = YES;
				CLANG_WARN_UNGUARDED_AVAILABILITY = YES_AGGRESSIVE;
				CLANG_WARN_UNREACHABLE_CODE = YES;
				CLANG_WARN__DUPLICATE_METHOD_MATCH = YES;
				CODE_SIGN_IDENTITY = "iPhone Developer";
				COPY_PHASE_STRIP = NO;
				DEBUG_INFORMATION_FORMAT = "dwarf-with-dsym";
				ENABLE_NS_ASSERTIONS = NO;
				ENABLE_STRICT_OBJC_MSGSEND = YES;
				GCC_C_LANGUAGE_STANDARD = gnu11;
				GCC_NO_COMMON_BLOCKS = YES;
				GCC_WARN_64_TO_32_BIT_CONVERSION = YES;
				GCC_WARN_ABOUT_RETURN_TYPE = YES_ERROR;
				GCC_WARN_UNDECLARED_SELECTOR = YES;
				GCC_WARN_UNINITIALIZED_AUTOS = YES_AGGRESSIVE;
				GCC_WARN_UNUSED_FUNCTION = YES;
				GCC_WARN_UNUSED_VARIABLE = YES;
				IPHONEOS_DEPLOYMENT_TARGET = 12.4;
				MTL_ENABLE_DEBUG_INFO = NO;
				MTL_FAST_MATH = YES;
				SDKROOT = iphoneos;
				SWIFT_COMPILATION_MODE = wholemodule;
				SWIFT_OPTIMIZATION_LEVEL = "-O";
				VALIDATE_PRODUCT = YES;
			};
			name = Release;
		};
		DE37925522F2DDED00A75581 /* Debug */ = {
			isa = XCBuildConfiguration;
			baseConfigurationReference = 8859AA1E64DFFB366F8C8804 /* Pods-NetflixClone.debug.xcconfig */;
			buildSettings = {
				ASSETCATALOG_COMPILER_APPICON_NAME = AppIcon;
				CODE_SIGN_STYLE = Automatic;
				DEVELOPMENT_TEAM = 4F55VCB57F;
				INFOPLIST_FILE = NetflixClone/Info.plist;
				IPHONEOS_DEPLOYMENT_TARGET = 12.0;
				LD_RUNPATH_SEARCH_PATHS = (
					"$(inherited)",
					"@executable_path/Frameworks",
				);
				PRODUCT_BUNDLE_IDENTIFIER = michelemola.NetflixClone;
				PRODUCT_NAME = "$(TARGET_NAME)";
				SWIFT_VERSION = 5.0;
				TARGETED_DEVICE_FAMILY = "1,2";
			};
			name = Debug;
		};
		DE37925622F2DDED00A75581 /* Release */ = {
			isa = XCBuildConfiguration;
			baseConfigurationReference = D3500CD1D9152633986498AC /* Pods-NetflixClone.release.xcconfig */;
			buildSettings = {
				ASSETCATALOG_COMPILER_APPICON_NAME = AppIcon;
				CODE_SIGN_STYLE = Automatic;
				DEVELOPMENT_TEAM = 4F55VCB57F;
				INFOPLIST_FILE = NetflixClone/Info.plist;
				IPHONEOS_DEPLOYMENT_TARGET = 12.0;
				LD_RUNPATH_SEARCH_PATHS = (
					"$(inherited)",
					"@executable_path/Frameworks",
				);
				PRODUCT_BUNDLE_IDENTIFIER = michelemola.NetflixClone;
				PRODUCT_NAME = "$(TARGET_NAME)";
				SWIFT_VERSION = 5.0;
				TARGETED_DEVICE_FAMILY = "1,2";
			};
			name = Release;
		};
/* End XCBuildConfiguration section */

/* Begin XCConfigurationList section */
		DE37923D22F2DDEC00A75581 /* Build configuration list for PBXProject "NetflixClone" */ = {
			isa = XCConfigurationList;
			buildConfigurations = (
				DE37925222F2DDED00A75581 /* Debug */,
				DE37925322F2DDED00A75581 /* Release */,
			);
			defaultConfigurationIsVisible = 0;
			defaultConfigurationName = Release;
		};
		DE37925422F2DDED00A75581 /* Build configuration list for PBXNativeTarget "NetflixClone" */ = {
			isa = XCConfigurationList;
			buildConfigurations = (
				DE37925522F2DDED00A75581 /* Debug */,
				DE37925622F2DDED00A75581 /* Release */,
			);
			defaultConfigurationIsVisible = 0;
			defaultConfigurationName = Release;
		};
/* End XCConfigurationList section */
	};
	rootObject = DE37923A22F2DDEC00A75581 /* Project object */;
}
